// !$*UTF8*$!
{
	archiveVersion = 1;
	classes = {
	};
	objectVersion = 46;
	objects = {

/* Begin PBXBuildFile section */
		5E9A491F1C6AADF5003CCC76 /* Foundation.framework in Frameworks */ = {isa = PBXBuildFile; fileRef = 5E9A491E1C6AADF5003CCC76 /* Foundation.framework */; };
		5E9A49211C6AADF5003CCC76 /* CoreGraphics.framework in Frameworks */ = {isa = PBXBuildFile; fileRef = 5E9A49201C6AADF5003CCC76 /* CoreGraphics.framework */; };
		5E9A49231C6AADF5003CCC76 /* UIKit.framework in Frameworks */ = {isa = PBXBuildFile; fileRef = 5E9A49221C6AADF5003CCC76 /* UIKit.framework */; };
		5E9A49291C6AADF5003CCC76 /* InfoPlist.strings in Resources */ = {isa = PBXBuildFile; fileRef = 5E9A49271C6AADF5003CCC76 /* InfoPlist.strings */; };
		5E9A492B1C6AADF5003CCC76 /* main.m in Sources */ = {isa = PBXBuildFile; fileRef = 5E9A492A1C6AADF5003CCC76 /* main.m */; };
		5E9A492F1C6AADF5003CCC76 /* AppDelegate.m in Sources */ = {isa = PBXBuildFile; fileRef = 5E9A492E1C6AADF5003CCC76 /* AppDelegate.m */; };
		5E9A49321C6AADF5003CCC76 /* Main.storyboard in Resources */ = {isa = PBXBuildFile; fileRef = 5E9A49301C6AADF5003CCC76 /* Main.storyboard */; };
		5E9A49351C6AADF5003CCC76 /* ViewController.m in Sources */ = {isa = PBXBuildFile; fileRef = 5E9A49341C6AADF5003CCC76 /* ViewController.m */; };
		5E9A49371C6AADF5003CCC76 /* Images.xcassets in Resources */ = {isa = PBXBuildFile; fileRef = 5E9A49361C6AADF5003CCC76 /* Images.xcassets */; };
		5E9A493E1C6AADF5003CCC76 /* XCTest.framework in Frameworks */ = {isa = PBXBuildFile; fileRef = 5E9A493D1C6AADF5003CCC76 /* XCTest.framework */; };
		5E9A493F1C6AADF5003CCC76 /* Foundation.framework in Frameworks */ = {isa = PBXBuildFile; fileRef = 5E9A491E1C6AADF5003CCC76 /* Foundation.framework */; };
		5E9A49401C6AADF5003CCC76 /* UIKit.framework in Frameworks */ = {isa = PBXBuildFile; fileRef = 5E9A49221C6AADF5003CCC76 /* UIKit.framework */; };
		5E9A49481C6AADF5003CCC76 /* InfoPlist.strings in Resources */ = {isa = PBXBuildFile; fileRef = 5E9A49461C6AADF5003CCC76 /* InfoPlist.strings */; };
		5E9A494A1C6AADF5003CCC76 /* ZYLTests.m in Sources */ = {isa = PBXBuildFile; fileRef = 5E9A49491C6AADF5003CCC76 /* ZYLTests.m */; };
		5E9A49551C6ACD84003CCC76 /* FindHotelViewController.m in Sources */ = {isa = PBXBuildFile; fileRef = 5E9A49541C6ACD84003CCC76 /* FindHotelViewController.m */; };
/* End PBXBuildFile section */

/* Begin PBXContainerItemProxy section */
		5E9A49411C6AADF5003CCC76 /* PBXContainerItemProxy */ = {
			isa = PBXContainerItemProxy;
			containerPortal = 5E9A49131C6AADF5003CCC76 /* Project object */;
			proxyType = 1;
			remoteGlobalIDString = 5E9A491A1C6AADF5003CCC76;
			remoteInfo = ZYL;
		};
/* End PBXContainerItemProxy section */

/* Begin PBXFileReference section */
		5E9A491B1C6AADF5003CCC76 /* ZYL.app */ = {isa = PBXFileReference; explicitFileType = wrapper.application; includeInIndex = 0; path = ZYL.app; sourceTree = BUILT_PRODUCTS_DIR; };
		5E9A491E1C6AADF5003CCC76 /* Foundation.framework */ = {isa = PBXFileReference; lastKnownFileType = wrapper.framework; name = Foundation.framework; path = System/Library/Frameworks/Foundation.framework; sourceTree = SDKROOT; };
		5E9A49201C6AADF5003CCC76 /* CoreGraphics.framework */ = {isa = PBXFileReference; lastKnownFileType = wrapper.framework; name = CoreGraphics.framework; path = System/Library/Frameworks/CoreGraphics.framework; sourceTree = SDKROOT; };
		5E9A49221C6AADF5003CCC76 /* UIKit.framework */ = {isa = PBXFileReference; lastKnownFileType = wrapper.framework; name = UIKit.framework; path = System/Library/Frameworks/UIKit.framework; sourceTree = SDKROOT; };
		5E9A49261C6AADF5003CCC76 /* ZYL-Info.plist */ = {isa = PBXFileReference; lastKnownFileType = text.plist.xml; path = "ZYL-Info.plist"; sourceTree = "<group>"; };
		5E9A49281C6AADF5003CCC76 /* en */ = {isa = PBXFileReference; lastKnownFileType = text.plist.strings; name = en; path = en.lproj/InfoPlist.strings; sourceTree = "<group>"; };
		5E9A492A1C6AADF5003CCC76 /* main.m */ = {isa = PBXFileReference; lastKnownFileType = sourcecode.c.objc; path = main.m; sourceTree = "<group>"; };
		5E9A492C1C6AADF5003CCC76 /* ZYL-Prefix.pch */ = {isa = PBXFileReference; lastKnownFileType = sourcecode.c.h; path = "ZYL-Prefix.pch"; sourceTree = "<group>"; };
		5E9A492D1C6AADF5003CCC76 /* AppDelegate.h */ = {isa = PBXFileReference; lastKnownFileType = sourcecode.c.h; path = AppDelegate.h; sourceTree = "<group>"; };
		5E9A492E1C6AADF5003CCC76 /* AppDelegate.m */ = {isa = PBXFileReference; lastKnownFileType = sourcecode.c.objc; path = AppDelegate.m; sourceTree = "<group>"; };
		5E9A49311C6AADF5003CCC76 /* Base */ = {isa = PBXFileReference; lastKnownFileType = file.storyboard; name = Base; path = Base.lproj/Main.storyboard; sourceTree = "<group>"; };
		5E9A49331C6AADF5003CCC76 /* ViewController.h */ = {isa = PBXFileReference; lastKnownFileType = sourcecode.c.h; path = ViewController.h; sourceTree = "<group>"; };
		5E9A49341C6AADF5003CCC76 /* ViewController.m */ = {isa = PBXFileReference; lastKnownFileType = sourcecode.c.objc; path = ViewController.m; sourceTree = "<group>"; };
		5E9A49361C6AADF5003CCC76 /* Images.xcassets */ = {isa = PBXFileReference; lastKnownFileType = folder.assetcatalog; path = Images.xcassets; sourceTree = "<group>"; };
		5E9A493C1C6AADF5003CCC76 /* ZYLTests.xctest */ = {isa = PBXFileReference; explicitFileType = wrapper.cfbundle; includeInIndex = 0; path = ZYLTests.xctest; sourceTree = BUILT_PRODUCTS_DIR; };
		5E9A493D1C6AADF5003CCC76 /* XCTest.framework */ = {isa = PBXFileReference; lastKnownFileType = wrapper.framework; name = XCTest.framework; path = Library/Frameworks/XCTest.framework; sourceTree = DEVELOPER_DIR; };
		5E9A49451C6AADF5003CCC76 /* ZYLTests-Info.plist */ = {isa = PBXFileReference; lastKnownFileType = text.plist.xml; path = "ZYLTests-Info.plist"; sourceTree = "<group>"; };
		5E9A49471C6AADF5003CCC76 /* en */ = {isa = PBXFileReference; lastKnownFileType = text.plist.strings; name = en; path = en.lproj/InfoPlist.strings; sourceTree = "<group>"; };
		5E9A49491C6AADF5003CCC76 /* ZYLTests.m */ = {isa = PBXFileReference; lastKnownFileType = sourcecode.c.objc; path = ZYLTests.m; sourceTree = "<group>"; };
		5E9A49531C6ACD84003CCC76 /* FindHotelViewController.h */ = {isa = PBXFileReference; fileEncoding = 4; lastKnownFileType = sourcecode.c.h; path = FindHotelViewController.h; sourceTree = "<group>"; };
		5E9A49541C6ACD84003CCC76 /* FindHotelViewController.m */ = {isa = PBXFileReference; fileEncoding = 4; lastKnownFileType = sourcecode.c.objc; path = FindHotelViewController.m; sourceTree = "<group>"; };
/* End PBXFileReference section */

/* Begin PBXFrameworksBuildPhase section */
		5E9A49181C6AADF5003CCC76 /* Frameworks */ = {
			isa = PBXFrameworksBuildPhase;
			buildActionMask = 2147483647;
			files = (
				5E9A49211C6AADF5003CCC76 /* CoreGraphics.framework in Frameworks */,
				5E9A49231C6AADF5003CCC76 /* UIKit.framework in Frameworks */,
				5E9A491F1C6AADF5003CCC76 /* Foundation.framework in Frameworks */,
			);
			runOnlyForDeploymentPostprocessing = 0;
		};
		5E9A49391C6AADF5003CCC76 /* Frameworks */ = {
			isa = PBXFrameworksBuildPhase;
			buildActionMask = 2147483647;
			files = (
				5E9A493E1C6AADF5003CCC76 /* XCTest.framework in Frameworks */,
				5E9A49401C6AADF5003CCC76 /* UIKit.framework in Frameworks */,
				5E9A493F1C6AADF5003CCC76 /* Foundation.framework in Frameworks */,
			);
			runOnlyForDeploymentPostprocessing = 0;
		};
/* End PBXFrameworksBuildPhase section */

/* Begin PBXGroup section */
		5E9A49121C6AADF5003CCC76 = {
			isa = PBXGroup;
			children = (
				5E9A49241C6AADF5003CCC76 /* ZYL */,
				5E9A49431C6AADF5003CCC76 /* ZYLTests */,
				5E9A491D1C6AADF5003CCC76 /* Frameworks */,
				5E9A491C1C6AADF5003CCC76 /* Products */,
			);
			sourceTree = "<group>";
		};
		5E9A491C1C6AADF5003CCC76 /* Products */ = {
			isa = PBXGroup;
			children = (
				5E9A491B1C6AADF5003CCC76 /* ZYL.app */,
				5E9A493C1C6AADF5003CCC76 /* ZYLTests.xctest */,
			);
			name = Products;
			sourceTree = "<group>";
		};
		5E9A491D1C6AADF5003CCC76 /* Frameworks */ = {
			isa = PBXGroup;
			children = (
				5E9A491E1C6AADF5003CCC76 /* Foundation.framework */,
				5E9A49201C6AADF5003CCC76 /* CoreGraphics.framework */,
				5E9A49221C6AADF5003CCC76 /* UIKit.framework */,
				5E9A493D1C6AADF5003CCC76 /* XCTest.framework */,
			);
			name = Frameworks;
			sourceTree = "<group>";
		};
		5E9A49241C6AADF5003CCC76 /* ZYL */ = {
			isa = PBXGroup;
			children = (
				5E9A49531C6ACD84003CCC76 /* FindHotelViewController.h */,
				5E9A49541C6ACD84003CCC76 /* FindHotelViewController.m */,
				5E9A492D1C6AADF5003CCC76 /* AppDelegate.h */,
				5E9A492E1C6AADF5003CCC76 /* AppDelegate.m */,
				5E9A49301C6AADF5003CCC76 /* Main.storyboard */,
				5E9A49331C6AADF5003CCC76 /* ViewController.h */,
				5E9A49341C6AADF5003CCC76 /* ViewController.m */,
				5E9A49361C6AADF5003CCC76 /* Images.xcassets */,
				5E9A49251C6AADF5003CCC76 /* Supporting Files */,
			);
			path = ZYL;
			sourceTree = "<group>";
		};
		5E9A49251C6AADF5003CCC76 /* Supporting Files */ = {
			isa = PBXGroup;
			children = (
				5E9A49261C6AADF5003CCC76 /* ZYL-Info.plist */,
				5E9A49271C6AADF5003CCC76 /* InfoPlist.strings */,
				5E9A492A1C6AADF5003CCC76 /* main.m */,
				5E9A492C1C6AADF5003CCC76 /* ZYL-Prefix.pch */,
			);
			name = "Supporting Files";
			sourceTree = "<group>";
		};
		5E9A49431C6AADF5003CCC76 /* ZYLTests */ = {
			isa = PBXGroup;
			children = (
				5E9A49491C6AADF5003CCC76 /* ZYLTests.m */,
				5E9A49441C6AADF5003CCC76 /* Supporting Files */,
			);
			path = ZYLTests;
			sourceTree = "<group>";
		};
		5E9A49441C6AADF5003CCC76 /* Supporting Files */ = {
			isa = PBXGroup;
			children = (
				5E9A49451C6AADF5003CCC76 /* ZYLTests-Info.plist */,
				5E9A49461C6AADF5003CCC76 /* InfoPlist.strings */,
			);
			name = "Supporting Files";
			sourceTree = "<group>";
		};
/* End PBXGroup section */

/* Begin PBXNativeTarget section */
		5E9A491A1C6AADF5003CCC76 /* ZYL */ = {
			isa = PBXNativeTarget;
			buildConfigurationList = 5E9A494D1C6AADF5003CCC76 /* Build configuration list for PBXNativeTarget "ZYL" */;
			buildPhases = (
				5E9A49171C6AADF5003CCC76 /* Sources */,
				5E9A49181C6AADF5003CCC76 /* Frameworks */,
				5E9A49191C6AADF5003CCC76 /* Resources */,
			);
			buildRules = (
			);
			dependencies = (
			);
			name = ZYL;
			productName = ZYL;
			productReference = 5E9A491B1C6AADF5003CCC76 /* ZYL.app */;
			productType = "com.apple.product-type.application";
		};
		5E9A493B1C6AADF5003CCC76 /* ZYLTests */ = {
			isa = PBXNativeTarget;
			buildConfigurationList = 5E9A49501C6AADF5003CCC76 /* Build configuration list for PBXNativeTarget "ZYLTests" */;
			buildPhases = (
				5E9A49381C6AADF5003CCC76 /* Sources */,
				5E9A49391C6AADF5003CCC76 /* Frameworks */,
				5E9A493A1C6AADF5003CCC76 /* Resources */,
			);
			buildRules = (
			);
			dependencies = (
				5E9A49421C6AADF5003CCC76 /* PBXTargetDependency */,
			);
			name = ZYLTests;
			productName = ZYLTests;
			productReference = 5E9A493C1C6AADF5003CCC76 /* ZYLTests.xctest */;
			productType = "com.apple.product-type.bundle.unit-test";
		};
/* End PBXNativeTarget section */

/* Begin PBXProject section */
		5E9A49131C6AADF5003CCC76 /* Project object */ = {
			isa = PBXProject;
			attributes = {
				LastUpgradeCheck = 0510;
				ORGANIZATIONNAME = zhiyue;
				TargetAttributes = {
					5E9A493B1C6AADF5003CCC76 = {
						TestTargetID = 5E9A491A1C6AADF5003CCC76;
					};
				};
			};
			buildConfigurationList = 5E9A49161C6AADF5003CCC76 /* Build configuration list for PBXProject "ZYL" */;
			compatibilityVersion = "Xcode 3.2";
			developmentRegion = English;
			hasScannedForEncodings = 0;
			knownRegions = (
				en,
				Base,
			);
			mainGroup = 5E9A49121C6AADF5003CCC76;
			productRefGroup = 5E9A491C1C6AADF5003CCC76 /* Products */;
			projectDirPath = "";
			projectRoot = "";
			targets = (
				5E9A491A1C6AADF5003CCC76 /* ZYL */,
				5E9A493B1C6AADF5003CCC76 /* ZYLTests */,
			);
		};
/* End PBXProject section */

/* Begin PBXResourcesBuildPhase section */
		5E9A49191C6AADF5003CCC76 /* Resources */ = {
			isa = PBXResourcesBuildPhase;
			buildActionMask = 2147483647;
			files = (
				5E9A49371C6AADF5003CCC76 /* Images.xcassets in Resources */,
				5E9A49291C6AADF5003CCC76 /* InfoPlist.strings in Resources */,
				5E9A49321C6AADF5003CCC76 /* Main.storyboard in Resources */,
			);
			runOnlyForDeploymentPostprocessing = 0;
		};
		5E9A493A1C6AADF5003CCC76 /* Resources */ = {
			isa = PBXResourcesBuildPhase;
			buildActionMask = 2147483647;
			files = (
				5E9A49481C6AADF5003CCC76 /* InfoPlist.strings in Resources */,
			);
			runOnlyForDeploymentPostprocessing = 0;
		};
/* End PBXResourcesBuildPhase section */

/* Begin PBXSourcesBuildPhase section */
		5E9A49171C6AADF5003CCC76 /* Sources */ = {
			isa = PBXSourcesBuildPhase;
			buildActionMask = 2147483647;
			files = (
				5E9A49551C6ACD84003CCC76 /* FindHotelViewController.m in Sources */,
				5E9A49351C6AADF5003CCC76 /* ViewController.m in Sources */,
				5E9A492F1C6AADF5003CCC76 /* AppDelegate.m in Sources */,
				5E9A492B1C6AADF5003CCC76 /* main.m in Sources */,
			);
			runOnlyForDeploymentPostprocessing = 0;
		};
		5E9A49381C6AADF5003CCC76 /* Sources */ = {
			isa = PBXSourcesBuildPhase;
			buildActionMask = 2147483647;
			files = (
				5E9A494A1C6AADF5003CCC76 /* ZYLTests.m in Sources */,
			);
			runOnlyForDeploymentPostprocessing = 0;
		};
/* End PBXSourcesBuildPhase section */

/* Begin PBXTargetDependency section */
		5E9A49421C6AADF5003CCC76 /* PBXTargetDependency */ = {
			isa = PBXTargetDependency;
			target = 5E9A491A1C6AADF5003CCC76 /* ZYL */;
			targetProxy = 5E9A49411C6AADF5003CCC76 /* PBXContainerItemProxy */;
		};
/* End PBXTargetDependency section */

/* Begin PBXVariantGroup section */
		5E9A49271C6AADF5003CCC76 /* InfoPlist.strings */ = {
			isa = PBXVariantGroup;
			children = (
				5E9A49281C6AADF5003CCC76 /* en */,
			);
			name = InfoPlist.strings;
			sourceTree = "<group>";
		};
		5E9A49301C6AADF5003CCC76 /* Main.storyboard */ = {
			isa = PBXVariantGroup;
			children = (
				5E9A49311C6AADF5003CCC76 /* Base */,
			);
			name = Main.storyboard;
			sourceTree = "<group>";
		};
		5E9A49461C6AADF5003CCC76 /* InfoPlist.strings */ = {
			isa = PBXVariantGroup;
			children = (
				5E9A49471C6AADF5003CCC76 /* en */,
			);
			name = InfoPlist.strings;
			sourceTree = "<group>";
		};
/* End PBXVariantGroup section */

/* Begin XCBuildConfiguration section */
		5E9A494B1C6AADF5003CCC76 /* Debug */ = {
			isa = XCBuildConfiguration;
			buildSettings = {
				ALWAYS_SEARCH_USER_PATHS = NO;
				CLANG_CXX_LANGUAGE_STANDARD = "gnu++0x";
				CLANG_CXX_LIBRARY = "libc++";
				CLANG_ENABLE_MODULES = YES;
				CLANG_ENABLE_OBJC_ARC = YES;
				CLANG_WARN_BOOL_CONVERSION = YES;
				CLANG_WARN_CONSTANT_CONVERSION = YES;
				CLANG_WARN_DIRECT_OBJC_ISA_USAGE = YES_ERROR;
				CLANG_WARN_EMPTY_BODY = YES;
				CLANG_WARN_ENUM_CONVERSION = YES;
				CLANG_WARN_INT_CONVERSION = YES;
				CLANG_WARN_OBJC_ROOT_CLASS = YES_ERROR;
				CLANG_WARN__DUPLICATE_METHOD_MATCH = YES;
				"CODE_SIGN_IDENTITY[sdk=iphoneos*]" = "iPhone Developer";
				COPY_PHASE_STRIP = NO;
				GCC_C_LANGUAGE_STANDARD = gnu99;
				GCC_DYNAMIC_NO_PIC = NO;
				GCC_OPTIMIZATION_LEVEL = 0;
				GCC_PREPROCESSOR_DEFINITIONS = (
					"DEBUG=1",
					"$(inherited)",
				);
				GCC_SYMBOLS_PRIVATE_EXTERN = NO;
				GCC_WARN_64_TO_32_BIT_CONVERSION = YES;
				GCC_WARN_ABOUT_RETURN_TYPE = YES_ERROR;
				GCC_WARN_UNDECLARED_SELECTOR = YES;
				GCC_WARN_UNINITIALIZED_AUTOS = YES_AGGRESSIVE;
				GCC_WARN_UNUSED_FUNCTION = YES;
				GCC_WARN_UNUSED_VARIABLE = YES;
				IPHONEOS_DEPLOYMENT_TARGET = 7.1;
				ONLY_ACTIVE_ARCH = YES;
				SDKROOT = iphoneos;
			};
			name = Debug;
		};
		5E9A494C1C6AADF5003CCC76 /* Release */ = {
			isa = XCBuildConfiguration;
			buildSettings = {
				ALWAYS_SEARCH_USER_PATHS = NO;
				CLANG_CXX_LANGUAGE_STANDARD = "gnu++0x";
				CLANG_CXX_LIBRARY = "libc++";
				CLANG_ENABLE_MODULES = YES;
				CLANG_ENABLE_OBJC_ARC = YES;
				CLANG_WARN_BOOL_CONVERSION = YES;
				CLANG_WARN_CONSTANT_CONVERSION = YES;
				CLANG_WARN_DIRECT_OBJC_ISA_USAGE = YES_ERROR;
				CLANG_WARN_EMPTY_BODY = YES;
				CLANG_WARN_ENUM_CONVERSION = YES;
				CLANG_WARN_INT_CONVERSION = YES;
				CLANG_WARN_OBJC_ROOT_CLASS = YES_ERROR;
				CLANG_WARN__DUPLICATE_METHOD_MATCH = YES;
				"CODE_SIGN_IDENTITY[sdk=iphoneos*]" = "iPhone Developer";
				COPY_PHASE_STRIP = YES;
				ENABLE_NS_ASSERTIONS = NO;
				GCC_C_LANGUAGE_STANDARD = gnu99;
				GCC_WARN_64_TO_32_BIT_CONVERSION = YES;
				GCC_WARN_ABOUT_RETURN_TYPE = YES_ERROR;
				GCC_WARN_UNDECLARED_SELECTOR = YES;
				GCC_WARN_UNINITIALIZED_AUTOS = YES_AGGRESSIVE;
				GCC_WARN_UNUSED_FUNCTION = YES;
				GCC_WARN_UNUSED_VARIABLE = YES;
				IPHONEOS_DEPLOYMENT_TARGET = 7.1;
				SDKROOT = iphoneos;
				VALIDATE_PRODUCT = YES;
			};
			name = Release;
		};
		5E9A494E1C6AADF5003CCC76 /* Debug */ = {
			isa = XCBuildConfiguration;
			buildSettings = {
				ASSETCATALOG_COMPILER_APPICON_NAME = AppIcon;
				ASSETCATALOG_COMPILER_LAUNCHIMAGE_NAME = LaunchImage;
				GCC_PRECOMPILE_PREFIX_HEADER = YES;
				GCC_PREFIX_HEADER = "ZYL/ZYL-Prefix.pch";
				INFOPLIST_FILE = "ZYL/ZYL-Info.plist";
				PRODUCT_NAME = "$(TARGET_NAME)";
				WRAPPER_EXTENSION = app;
			};
			name = Debug;
		};
		5E9A494F1C6AADF5003CCC76 /* Release */ = {
			isa = XCBuildConfiguration;
			buildSettings = {
				ASSETCATALOG_COMPILER_APPICON_NAME = AppIcon;
				ASSETCATALOG_COMPILER_LAUNCHIMAGE_NAME = LaunchImage;
				GCC_PRECOMPILE_PREFIX_HEADER = YES;
				GCC_PREFIX_HEADER = "ZYL/ZYL-Prefix.pch";
				INFOPLIST_FILE = "ZYL/ZYL-Info.plist";
				PRODUCT_NAME = "$(TARGET_NAME)";
				WRAPPER_EXTENSION = app;
			};
			name = Release;
		};
		5E9A49511C6AADF5003CCC76 /* Debug */ = {
			isa = XCBuildConfiguration;
			buildSettings = {
				BUNDLE_LOADER = "$(BUILT_PRODUCTS_DIR)/ZYL.app/ZYL";
				FRAMEWORK_SEARCH_PATHS = (
					"$(SDKROOT)/Developer/Library/Frameworks",
					"$(inherited)",
					"$(DEVELOPER_FRAMEWORKS_DIR)",
				);
				GCC_PRECOMPILE_PREFIX_HEADER = YES;
				GCC_PREFIX_HEADER = "ZYL/ZYL-Prefix.pch";
				GCC_PREPROCESSOR_DEFINITIONS = (
					"DEBUG=1",
					"$(inherited)",
				);
				INFOPLIST_FILE = "ZYLTests/ZYLTests-Info.plist";
				PRODUCT_NAME = "$(TARGET_NAME)";
				TEST_HOST = "$(BUNDLE_LOADER)";
				WRAPPER_EXTENSION = xctest;
			};
			name = Debug;
		};
		5E9A49521C6AADF5003CCC76 /* Release */ = {
			isa = XCBuildConfiguration;
			buildSettings = {
				BUNDLE_LOADER = "$(BUILT_PRODUCTS_DIR)/ZYL.app/ZYL";
				FRAMEWORK_SEARCH_PATHS = (
					"$(SDKROOT)/Developer/Library/Frameworks",
					"$(inherited)",
					"$(DEVELOPER_FRAMEWORKS_DIR)",
				);
				GCC_PRECOMPILE_PREFIX_HEADER = YES;
				GCC_PREFIX_HEADER = "ZYL/ZYL-Prefix.pch";
				INFOPLIST_FILE = "ZYLTests/ZYLTests-Info.plist";
				PRODUCT_NAME = "$(TARGET_NAME)";
				TEST_HOST = "$(BUNDLE_LOADER)";
				WRAPPER_EXTENSION = xctest;
			};
			name = Release;
		};
/* End XCBuildConfiguration section */

/* Begin XCConfigurationList section */
		5E9A49161C6AADF5003CCC76 /* Build configuration list for PBXProject "ZYL" */ = {
			isa = XCConfigurationList;
			buildConfigurations = (
				5E9A494B1C6AADF5003CCC76 /* Debug */,
				5E9A494C1C6AADF5003CCC76 /* Release */,
			);
			defaultConfigurationIsVisible = 0;
			defaultConfigurationName = Release;
		};
		5E9A494D1C6AADF5003CCC76 /* Build configuration list for PBXNativeTarget "ZYL" */ = {
			isa = XCConfigurationList;
			buildConfigurations = (
				5E9A494E1C6AADF5003CCC76 /* Debug */,
				5E9A494F1C6AADF5003CCC76 /* Release */,
			);
			defaultConfigurationIsVisible = 0;
		};
		5E9A49501C6AADF5003CCC76 /* Build configuration list for PBXNativeTarget "ZYLTests" */ = {
			isa = XCConfigurationList;
			buildConfigurations = (
				5E9A49511C6AADF5003CCC76 /* Debug */,
				5E9A49521C6AADF5003CCC76 /* Release */,
			);
			defaultConfigurationIsVisible = 0;
		};
/* End XCConfigurationList section */
	};
	rootObject = 5E9A49131C6AADF5003CCC76 /* Project object */;
}
