// !$*UTF8*$!
{
	archiveVersion = 1;
	classes = {
	};
	objectVersion = 46;
	objects = {

/* Begin PBXBuildFile section */
		F71218341C601E8400A7897B /* Foundation.framework in Frameworks */ = {isa = PBXBuildFile; fileRef = F71218331C601E8400A7897B /* Foundation.framework */; };
		F71218361C601E8400A7897B /* CoreGraphics.framework in Frameworks */ = {isa = PBXBuildFile; fileRef = F71218351C601E8400A7897B /* CoreGraphics.framework */; };
		F71218381C601E8400A7897B /* UIKit.framework in Frameworks */ = {isa = PBXBuildFile; fileRef = F71218371C601E8400A7897B /* UIKit.framework */; };
		F712183E1C601E8400A7897B /* InfoPlist.strings in Resources */ = {isa = PBXBuildFile; fileRef = F712183C1C601E8400A7897B /* InfoPlist.strings */; };
		F71218401C601E8400A7897B /* main.m in Sources */ = {isa = PBXBuildFile; fileRef = F712183F1C601E8400A7897B /* main.m */; };
		F71218441C601E8400A7897B /* AppDelegate.m in Sources */ = {isa = PBXBuildFile; fileRef = F71218431C601E8400A7897B /* AppDelegate.m */; };
		F71218471C601E8400A7897B /* Main.storyboard in Resources */ = {isa = PBXBuildFile; fileRef = F71218451C601E8400A7897B /* Main.storyboard */; };
		F712184A1C601E8400A7897B /* ViewController.m in Sources */ = {isa = PBXBuildFile; fileRef = F71218491C601E8400A7897B /* ViewController.m */; };
		F712184C1C601E8400A7897B /* Images.xcassets in Resources */ = {isa = PBXBuildFile; fileRef = F712184B1C601E8400A7897B /* Images.xcassets */; };
		F71218531C601E8400A7897B /* XCTest.framework in Frameworks */ = {isa = PBXBuildFile; fileRef = F71218521C601E8400A7897B /* XCTest.framework */; };
		F71218541C601E8500A7897B /* Foundation.framework in Frameworks */ = {isa = PBXBuildFile; fileRef = F71218331C601E8400A7897B /* Foundation.framework */; };
		F71218551C601E8500A7897B /* UIKit.framework in Frameworks */ = {isa = PBXBuildFile; fileRef = F71218371C601E8400A7897B /* UIKit.framework */; };
		F712185D1C601E8500A7897B /* InfoPlist.strings in Resources */ = {isa = PBXBuildFile; fileRef = F712185B1C601E8500A7897B /* InfoPlist.strings */; };
		F712185F1C601E8500A7897B /* TestTableTests.m in Sources */ = {isa = PBXBuildFile; fileRef = F712185E1C601E8500A7897B /* TestTableTests.m */; };
		F712186A1C6021E000A7897B /* test.jpg in Resources */ = {isa = PBXBuildFile; fileRef = F71218691C6021E000A7897B /* test.jpg */; };
/* End PBXBuildFile section */

/* Begin PBXContainerItemProxy section */
		F71218561C601E8500A7897B /* PBXContainerItemProxy */ = {
			isa = PBXContainerItemProxy;
			containerPortal = F71218281C601E8400A7897B /* Project object */;
			proxyType = 1;
			remoteGlobalIDString = F712182F1C601E8400A7897B;
			remoteInfo = TestTable;
		};
/* End PBXContainerItemProxy section */

/* Begin PBXFileReference section */
		F71218301C601E8400A7897B /* TestTable.app */ = {isa = PBXFileReference; explicitFileType = wrapper.application; includeInIndex = 0; path = TestTable.app; sourceTree = BUILT_PRODUCTS_DIR; };
		F71218331C601E8400A7897B /* Foundation.framework */ = {isa = PBXFileReference; lastKnownFileType = wrapper.framework; name = Foundation.framework; path = System/Library/Frameworks/Foundation.framework; sourceTree = SDKROOT; };
		F71218351C601E8400A7897B /* CoreGraphics.framework */ = {isa = PBXFileReference; lastKnownFileType = wrapper.framework; name = CoreGraphics.framework; path = System/Library/Frameworks/CoreGraphics.framework; sourceTree = SDKROOT; };
		F71218371C601E8400A7897B /* UIKit.framework */ = {isa = PBXFileReference; lastKnownFileType = wrapper.framework; name = UIKit.framework; path = System/Library/Frameworks/UIKit.framework; sourceTree = SDKROOT; };
		F712183B1C601E8400A7897B /* TestTable-Info.plist */ = {isa = PBXFileReference; lastKnownFileType = text.plist.xml; path = "TestTable-Info.plist"; sourceTree = "<group>"; };
		F712183D1C601E8400A7897B /* en */ = {isa = PBXFileReference; lastKnownFileType = text.plist.strings; name = en; path = en.lproj/InfoPlist.strings; sourceTree = "<group>"; };
		F712183F1C601E8400A7897B /* main.m */ = {isa = PBXFileReference; lastKnownFileType = sourcecode.c.objc; path = main.m; sourceTree = "<group>"; };
		F71218411C601E8400A7897B /* TestTable-Prefix.pch */ = {isa = PBXFileReference; lastKnownFileType = sourcecode.c.h; path = "TestTable-Prefix.pch"; sourceTree = "<group>"; };
		F71218421C601E8400A7897B /* AppDelegate.h */ = {isa = PBXFileReference; lastKnownFileType = sourcecode.c.h; path = AppDelegate.h; sourceTree = "<group>"; };
		F71218431C601E8400A7897B /* AppDelegate.m */ = {isa = PBXFileReference; lastKnownFileType = sourcecode.c.objc; path = AppDelegate.m; sourceTree = "<group>"; };
		F71218461C601E8400A7897B /* Base */ = {isa = PBXFileReference; lastKnownFileType = file.storyboard; name = Base; path = Base.lproj/Main.storyboard; sourceTree = "<group>"; };
		F71218481C601E8400A7897B /* ViewController.h */ = {isa = PBXFileReference; lastKnownFileType = sourcecode.c.h; path = ViewController.h; sourceTree = "<group>"; };
		F71218491C601E8400A7897B /* ViewController.m */ = {isa = PBXFileReference; lastKnownFileType = sourcecode.c.objc; path = ViewController.m; sourceTree = "<group>"; };
		F712184B1C601E8400A7897B /* Images.xcassets */ = {isa = PBXFileReference; lastKnownFileType = folder.assetcatalog; path = Images.xcassets; sourceTree = "<group>"; };
		F71218511C601E8400A7897B /* TestTableTests.xctest */ = {isa = PBXFileReference; explicitFileType = wrapper.cfbundle; includeInIndex = 0; path = TestTableTests.xctest; sourceTree = BUILT_PRODUCTS_DIR; };
		F71218521C601E8400A7897B /* XCTest.framework */ = {isa = PBXFileReference; lastKnownFileType = wrapper.framework; name = XCTest.framework; path = Library/Frameworks/XCTest.framework; sourceTree = DEVELOPER_DIR; };
		F712185A1C601E8500A7897B /* TestTableTests-Info.plist */ = {isa = PBXFileReference; lastKnownFileType = text.plist.xml; path = "TestTableTests-Info.plist"; sourceTree = "<group>"; };
		F712185C1C601E8500A7897B /* en */ = {isa = PBXFileReference; lastKnownFileType = text.plist.strings; name = en; path = en.lproj/InfoPlist.strings; sourceTree = "<group>"; };
		F712185E1C601E8500A7897B /* TestTableTests.m */ = {isa = PBXFileReference; lastKnownFileType = sourcecode.c.objc; path = TestTableTests.m; sourceTree = "<group>"; };
		F71218691C6021E000A7897B /* test.jpg */ = {isa = PBXFileReference; lastKnownFileType = image.jpeg; path = test.jpg; sourceTree = "<group>"; };
/* End PBXFileReference section */

/* Begin PBXFrameworksBuildPhase section */
		F712182D1C601E8400A7897B /* Frameworks */ = {
			isa = PBXFrameworksBuildPhase;
			buildActionMask = 2147483647;
			files = (
				F71218361C601E8400A7897B /* CoreGraphics.framework in Frameworks */,
				F71218381C601E8400A7897B /* UIKit.framework in Frameworks */,
				F71218341C601E8400A7897B /* Foundation.framework in Frameworks */,
			);
			runOnlyForDeploymentPostprocessing = 0;
		};
		F712184E1C601E8400A7897B /* Frameworks */ = {
			isa = PBXFrameworksBuildPhase;
			buildActionMask = 2147483647;
			files = (
				F71218531C601E8400A7897B /* XCTest.framework in Frameworks */,
				F71218551C601E8500A7897B /* UIKit.framework in Frameworks */,
				F71218541C601E8500A7897B /* Foundation.framework in Frameworks */,
			);
			runOnlyForDeploymentPostprocessing = 0;
		};
/* End PBXFrameworksBuildPhase section */

/* Begin PBXGroup section */
		F71218271C601E8400A7897B = {
			isa = PBXGroup;
			children = (
				F71218391C601E8400A7897B /* TestTable */,
				F71218581C601E8500A7897B /* TestTableTests */,
				F71218321C601E8400A7897B /* Frameworks */,
				F71218311C601E8400A7897B /* Products */,
				F71218681C6021E000A7897B /* _Images */,
			);
			sourceTree = "<group>";
		};
		F71218311C601E8400A7897B /* Products */ = {
			isa = PBXGroup;
			children = (
				F71218301C601E8400A7897B /* TestTable.app */,
				F71218511C601E8400A7897B /* TestTableTests.xctest */,
			);
			name = Products;
			sourceTree = "<group>";
		};
		F71218321C601E8400A7897B /* Frameworks */ = {
			isa = PBXGroup;
			children = (
				F71218331C601E8400A7897B /* Foundation.framework */,
				F71218351C601E8400A7897B /* CoreGraphics.framework */,
				F71218371C601E8400A7897B /* UIKit.framework */,
				F71218521C601E8400A7897B /* XCTest.framework */,
			);
			name = Frameworks;
			sourceTree = "<group>";
		};
		F71218391C601E8400A7897B /* TestTable */ = {
			isa = PBXGroup;
			children = (
				F71218421C601E8400A7897B /* AppDelegate.h */,
				F71218431C601E8400A7897B /* AppDelegate.m */,
				F71218451C601E8400A7897B /* Main.storyboard */,
				F71218481C601E8400A7897B /* ViewController.h */,
				F71218491C601E8400A7897B /* ViewController.m */,
				F712184B1C601E8400A7897B /* Images.xcassets */,
				F712183A1C601E8400A7897B /* Supporting Files */,
			);
			path = TestTable;
			sourceTree = "<group>";
		};
		F712183A1C601E8400A7897B /* Supporting Files */ = {
			isa = PBXGroup;
			children = (
				F712183B1C601E8400A7897B /* TestTable-Info.plist */,
				F712183C1C601E8400A7897B /* InfoPlist.strings */,
				F712183F1C601E8400A7897B /* main.m */,
				F71218411C601E8400A7897B /* TestTable-Prefix.pch */,
			);
			name = "Supporting Files";
			sourceTree = "<group>";
		};
		F71218581C601E8500A7897B /* TestTableTests */ = {
			isa = PBXGroup;
			children = (
				F712185E1C601E8500A7897B /* TestTableTests.m */,
				F71218591C601E8500A7897B /* Supporting Files */,
			);
			path = TestTableTests;
			sourceTree = "<group>";
		};
		F71218591C601E8500A7897B /* Supporting Files */ = {
			isa = PBXGroup;
			children = (
				F712185A1C601E8500A7897B /* TestTableTests-Info.plist */,
				F712185B1C601E8500A7897B /* InfoPlist.strings */,
			);
			name = "Supporting Files";
			sourceTree = "<group>";
		};
		F71218681C6021E000A7897B /* _Images */ = {
			isa = PBXGroup;
			children = (
				F71218691C6021E000A7897B /* test.jpg */,
			);
			path = _Images;
			sourceTree = "<group>";
		};
/* End PBXGroup section */

/* Begin PBXNativeTarget section */
		F712182F1C601E8400A7897B /* TestTable */ = {
			isa = PBXNativeTarget;
			buildConfigurationList = F71218621C601E8500A7897B /* Build configuration list for PBXNativeTarget "TestTable" */;
			buildPhases = (
				F712182C1C601E8400A7897B /* Sources */,
				F712182D1C601E8400A7897B /* Frameworks */,
				F712182E1C601E8400A7897B /* Resources */,
			);
			buildRules = (
			);
			dependencies = (
			);
			name = TestTable;
			productName = TestTable;
			productReference = F71218301C601E8400A7897B /* TestTable.app */;
			productType = "com.apple.product-type.application";
		};
		F71218501C601E8400A7897B /* TestTableTests */ = {
			isa = PBXNativeTarget;
			buildConfigurationList = F71218651C601E8500A7897B /* Build configuration list for PBXNativeTarget "TestTableTests" */;
			buildPhases = (
				F712184D1C601E8400A7897B /* Sources */,
				F712184E1C601E8400A7897B /* Frameworks */,
				F712184F1C601E8400A7897B /* Resources */,
			);
			buildRules = (
			);
			dependencies = (
				F71218571C601E8500A7897B /* PBXTargetDependency */,
			);
			name = TestTableTests;
			productName = TestTableTests;
			productReference = F71218511C601E8400A7897B /* TestTableTests.xctest */;
			productType = "com.apple.product-type.bundle.unit-test";
		};
/* End PBXNativeTarget section */

/* Begin PBXProject section */
		F71218281C601E8400A7897B /* Project object */ = {
			isa = PBXProject;
			attributes = {
				LastUpgradeCheck = 0510;
				ORGANIZATIONNAME = "___FULLUSERNAME___";
				TargetAttributes = {
					F71218501C601E8400A7897B = {
						TestTargetID = F712182F1C601E8400A7897B;
					};
				};
			};
			buildConfigurationList = F712182B1C601E8400A7897B /* Build configuration list for PBXProject "TestTable" */;
			compatibilityVersion = "Xcode 3.2";
			developmentRegion = English;
			hasScannedForEncodings = 0;
			knownRegions = (
				en,
				Base,
			);
			mainGroup = F71218271C601E8400A7897B;
			productRefGroup = F71218311C601E8400A7897B /* Products */;
			projectDirPath = "";
			projectRoot = "";
			targets = (
				F712182F1C601E8400A7897B /* TestTable */,
				F71218501C601E8400A7897B /* TestTableTests */,
			);
		};
/* End PBXProject section */

/* Begin PBXResourcesBuildPhase section */
		F712182E1C601E8400A7897B /* Resources */ = {
			isa = PBXResourcesBuildPhase;
			buildActionMask = 2147483647;
			files = (
				F712184C1C601E8400A7897B /* Images.xcassets in Resources */,
				F712183E1C601E8400A7897B /* InfoPlist.strings in Resources */,
				F71218471C601E8400A7897B /* Main.storyboard in Resources */,
				F712186A1C6021E000A7897B /* test.jpg in Resources */,
			);
			runOnlyForDeploymentPostprocessing = 0;
		};
		F712184F1C601E8400A7897B /* Resources */ = {
			isa = PBXResourcesBuildPhase;
			buildActionMask = 2147483647;
			files = (
				F712185D1C601E8500A7897B /* InfoPlist.strings in Resources */,
			);
			runOnlyForDeploymentPostprocessing = 0;
		};
/* End PBXResourcesBuildPhase section */

/* Begin PBXSourcesBuildPhase section */
		F712182C1C601E8400A7897B /* Sources */ = {
			isa = PBXSourcesBuildPhase;
			buildActionMask = 2147483647;
			files = (
				F712184A1C601E8400A7897B /* ViewController.m in Sources */,
				F71218441C601E8400A7897B /* AppDelegate.m in Sources */,
				F71218401C601E8400A7897B /* main.m in Sources */,
			);
			runOnlyForDeploymentPostprocessing = 0;
		};
		F712184D1C601E8400A7897B /* Sources */ = {
			isa = PBXSourcesBuildPhase;
			buildActionMask = 2147483647;
			files = (
				F712185F1C601E8500A7897B /* TestTableTests.m in Sources */,
			);
			runOnlyForDeploymentPostprocessing = 0;
		};
/* End PBXSourcesBuildPhase section */

/* Begin PBXTargetDependency section */
		F71218571C601E8500A7897B /* PBXTargetDependency */ = {
			isa = PBXTargetDependency;
			target = F712182F1C601E8400A7897B /* TestTable */;
			targetProxy = F71218561C601E8500A7897B /* PBXContainerItemProxy */;
		};
/* End PBXTargetDependency section */

/* Begin PBXVariantGroup section */
		F712183C1C601E8400A7897B /* InfoPlist.strings */ = {
			isa = PBXVariantGroup;
			children = (
				F712183D1C601E8400A7897B /* en */,
			);
			name = InfoPlist.strings;
			sourceTree = "<group>";
		};
		F71218451C601E8400A7897B /* Main.storyboard */ = {
			isa = PBXVariantGroup;
			children = (
				F71218461C601E8400A7897B /* Base */,
			);
			name = Main.storyboard;
			sourceTree = "<group>";
		};
		F712185B1C601E8500A7897B /* InfoPlist.strings */ = {
			isa = PBXVariantGroup;
			children = (
				F712185C1C601E8500A7897B /* en */,
			);
			name = InfoPlist.strings;
			sourceTree = "<group>";
		};
/* End PBXVariantGroup section */

/* Begin XCBuildConfiguration section */
		F71218601C601E8500A7897B /* Debug */ = {
			isa = XCBuildConfiguration;
			buildSettings = {
				ALWAYS_SEARCH_USER_PATHS = NO;
				CLANG_CXX_LANGUAGE_STANDARD = "gnu++0x";
				CLANG_CXX_LIBRARY = "libc++";
				CLANG_ENABLE_MODULES = YES;
				CLANG_ENABLE_OBJC_ARC = YES;
				CLANG_WARN_BOOL_CONVERSION = YES;
				CLANG_WARN_CONSTANT_CONVERSION = YES;
				CLANG_WARN_DIRECT_OBJC_ISA_USAGE = YES_ERROR;
				CLANG_WARN_EMPTY_BODY = YES;
				CLANG_WARN_ENUM_CONVERSION = YES;
				CLANG_WARN_INT_CONVERSION = YES;
				CLANG_WARN_OBJC_ROOT_CLASS = YES_ERROR;
				CLANG_WARN__DUPLICATE_METHOD_MATCH = YES;
				"CODE_SIGN_IDENTITY[sdk=iphoneos*]" = "iPhone Developer";
				COPY_PHASE_STRIP = NO;
				GCC_C_LANGUAGE_STANDARD = gnu99;
				GCC_DYNAMIC_NO_PIC = NO;
				GCC_OPTIMIZATION_LEVEL = 0;
				GCC_PREPROCESSOR_DEFINITIONS = (
					"DEBUG=1",
					"$(inherited)",
				);
				GCC_SYMBOLS_PRIVATE_EXTERN = NO;
				GCC_WARN_64_TO_32_BIT_CONVERSION = YES;
				GCC_WARN_ABOUT_RETURN_TYPE = YES_ERROR;
				GCC_WARN_UNDECLARED_SELECTOR = YES;
				GCC_WARN_UNINITIALIZED_AUTOS = YES_AGGRESSIVE;
				GCC_WARN_UNUSED_FUNCTION = YES;
				GCC_WARN_UNUSED_VARIABLE = YES;
				IPHONEOS_DEPLOYMENT_TARGET = 7.1;
				ONLY_ACTIVE_ARCH = YES;
				SDKROOT = iphoneos;
			};
			name = Debug;
		};
		F71218611C601E8500A7897B /* Release */ = {
			isa = XCBuildConfiguration;
			buildSettings = {
				ALWAYS_SEARCH_USER_PATHS = NO;
				CLANG_CXX_LANGUAGE_STANDARD = "gnu++0x";
				CLANG_CXX_LIBRARY = "libc++";
				CLANG_ENABLE_MODULES = YES;
				CLANG_ENABLE_OBJC_ARC = YES;
				CLANG_WARN_BOOL_CONVERSION = YES;
				CLANG_WARN_CONSTANT_CONVERSION = YES;
				CLANG_WARN_DIRECT_OBJC_ISA_USAGE = YES_ERROR;
				CLANG_WARN_EMPTY_BODY = YES;
				CLANG_WARN_ENUM_CONVERSION = YES;
				CLANG_WARN_INT_CONVERSION = YES;
				CLANG_WARN_OBJC_ROOT_CLASS = YES_ERROR;
				CLANG_WARN__DUPLICATE_METHOD_MATCH = YES;
				"CODE_SIGN_IDENTITY[sdk=iphoneos*]" = "iPhone Developer";
				COPY_PHASE_STRIP = YES;
				ENABLE_NS_ASSERTIONS = NO;
				GCC_C_LANGUAGE_STANDARD = gnu99;
				GCC_WARN_64_TO_32_BIT_CONVERSION = YES;
				GCC_WARN_ABOUT_RETURN_TYPE = YES_ERROR;
				GCC_WARN_UNDECLARED_SELECTOR = YES;
				GCC_WARN_UNINITIALIZED_AUTOS = YES_AGGRESSIVE;
				GCC_WARN_UNUSED_FUNCTION = YES;
				GCC_WARN_UNUSED_VARIABLE = YES;
				IPHONEOS_DEPLOYMENT_TARGET = 7.1;
				SDKROOT = iphoneos;
				VALIDATE_PRODUCT = YES;
			};
			name = Release;
		};
		F71218631C601E8500A7897B /* Debug */ = {
			isa = XCBuildConfiguration;
			buildSettings = {
				ASSETCATALOG_COMPILER_APPICON_NAME = AppIcon;
				ASSETCATALOG_COMPILER_LAUNCHIMAGE_NAME = LaunchImage;
				GCC_PRECOMPILE_PREFIX_HEADER = YES;
				GCC_PREFIX_HEADER = "TestTable/TestTable-Prefix.pch";
				INFOPLIST_FILE = "TestTable/TestTable-Info.plist";
				PRODUCT_NAME = "$(TARGET_NAME)";
				WRAPPER_EXTENSION = app;
			};
			name = Debug;
		};
		F71218641C601E8500A7897B /* Release */ = {
			isa = XCBuildConfiguration;
			buildSettings = {
				ASSETCATALOG_COMPILER_APPICON_NAME = AppIcon;
				ASSETCATALOG_COMPILER_LAUNCHIMAGE_NAME = LaunchImage;
				GCC_PRECOMPILE_PREFIX_HEADER = YES;
				GCC_PREFIX_HEADER = "TestTable/TestTable-Prefix.pch";
				INFOPLIST_FILE = "TestTable/TestTable-Info.plist";
				PRODUCT_NAME = "$(TARGET_NAME)";
				WRAPPER_EXTENSION = app;
			};
			name = Release;
		};
		F71218661C601E8500A7897B /* Debug */ = {
			isa = XCBuildConfiguration;
			buildSettings = {
				BUNDLE_LOADER = "$(BUILT_PRODUCTS_DIR)/TestTable.app/TestTable";
				FRAMEWORK_SEARCH_PATHS = (
					"$(SDKROOT)/Developer/Library/Frameworks",
					"$(inherited)",
					"$(DEVELOPER_FRAMEWORKS_DIR)",
				);
				GCC_PRECOMPILE_PREFIX_HEADER = YES;
				GCC_PREFIX_HEADER = "TestTable/TestTable-Prefix.pch";
				GCC_PREPROCESSOR_DEFINITIONS = (
					"DEBUG=1",
					"$(inherited)",
				);
				INFOPLIST_FILE = "TestTableTests/TestTableTests-Info.plist";
				PRODUCT_NAME = "$(TARGET_NAME)";
				TEST_HOST = "$(BUNDLE_LOADER)";
				WRAPPER_EXTENSION = xctest;
			};
			name = Debug;
		};
		F71218671C601E8500A7897B /* Release */ = {
			isa = XCBuildConfiguration;
			buildSettings = {
				BUNDLE_LOADER = "$(BUILT_PRODUCTS_DIR)/TestTable.app/TestTable";
				FRAMEWORK_SEARCH_PATHS = (
					"$(SDKROOT)/Developer/Library/Frameworks",
					"$(inherited)",
					"$(DEVELOPER_FRAMEWORKS_DIR)",
				);
				GCC_PRECOMPILE_PREFIX_HEADER = YES;
				GCC_PREFIX_HEADER = "TestTable/TestTable-Prefix.pch";
				INFOPLIST_FILE = "TestTableTests/TestTableTests-Info.plist";
				PRODUCT_NAME = "$(TARGET_NAME)";
				TEST_HOST = "$(BUNDLE_LOADER)";
				WRAPPER_EXTENSION = xctest;
			};
			name = Release;
		};
/* End XCBuildConfiguration section */

/* Begin XCConfigurationList section */
		F712182B1C601E8400A7897B /* Build configuration list for PBXProject "TestTable" */ = {
			isa = XCConfigurationList;
			buildConfigurations = (
				F71218601C601E8500A7897B /* Debug */,
				F71218611C601E8500A7897B /* Release */,
			);
			defaultConfigurationIsVisible = 0;
			defaultConfigurationName = Release;
		};
		F71218621C601E8500A7897B /* Build configuration list for PBXNativeTarget "TestTable" */ = {
			isa = XCConfigurationList;
			buildConfigurations = (
				F71218631C601E8500A7897B /* Debug */,
				F71218641C601E8500A7897B /* Release */,
			);
			defaultConfigurationIsVisible = 0;
		};
		F71218651C601E8500A7897B /* Build configuration list for PBXNativeTarget "TestTableTests" */ = {
			isa = XCConfigurationList;
			buildConfigurations = (
				F71218661C601E8500A7897B /* Debug */,
				F71218671C601E8500A7897B /* Release */,
			);
			defaultConfigurationIsVisible = 0;
		};
/* End XCConfigurationList section */
	};
	rootObject = F71218281C601E8400A7897B /* Project object */;
}
